// !$*UTF8*$!
{
	archiveVersion = 1;
	classes = {
	};
	objectVersion = 56;
	objects = {

/* Begin PBXBuildFile section */
		0A430C4A299D3361008FC68F /* NewPlacePhotoCell.swift in Sources */ = {isa = PBXBuildFile; fileRef = 0A430C49299D3361008FC68F /* NewPlacePhotoCell.swift */; };
		0A430C4C299D38FB008FC68F /* NewPlaceInfoCell.swift in Sources */ = {isa = PBXBuildFile; fileRef = 0A430C4B299D38FB008FC68F /* NewPlaceInfoCell.swift */; };
		0AF2540B299BC59700A34BAA /* PlaceTableViewCell.swift in Sources */ = {isa = PBXBuildFile; fileRef = 0AF2540A299BC59700A34BAA /* PlaceTableViewCell.swift */; };
		0AF2540E299C1DCB00A34BAA /* PlaceModel.swift in Sources */ = {isa = PBXBuildFile; fileRef = 0AF2540D299C1DCB00A34BAA /* PlaceModel.swift */; };
		0AF25410299C28D900A34BAA /* NewPlaceViewController.swift in Sources */ = {isa = PBXBuildFile; fileRef = 0AF2540F299C28D900A34BAA /* NewPlaceViewController.swift */; };
		0AFA817E29969727005EDA6D /* AppDelegate.swift in Sources */ = {isa = PBXBuildFile; fileRef = 0AFA817D29969727005EDA6D /* AppDelegate.swift */; };
		0AFA818029969727005EDA6D /* SceneDelegate.swift in Sources */ = {isa = PBXBuildFile; fileRef = 0AFA817F29969727005EDA6D /* SceneDelegate.swift */; };
		0AFA818229969727005EDA6D /* MainViewController.swift in Sources */ = {isa = PBXBuildFile; fileRef = 0AFA818129969727005EDA6D /* MainViewController.swift */; };
		0AFA818729969729005EDA6D /* Assets.xcassets in Resources */ = {isa = PBXBuildFile; fileRef = 0AFA818629969729005EDA6D /* Assets.xcassets */; };
		0AFA818A29969729005EDA6D /* LaunchScreen.storyboard in Resources */ = {isa = PBXBuildFile; fileRef = 0AFA818829969729005EDA6D /* LaunchScreen.storyboard */; };
/* End PBXBuildFile section */

/* Begin PBXFileReference section */
		0A430C49299D3361008FC68F /* NewPlacePhotoCell.swift */ = {isa = PBXFileReference; lastKnownFileType = sourcecode.swift; path = NewPlacePhotoCell.swift; sourceTree = "<group>"; };
		0A430C4B299D38FB008FC68F /* NewPlaceInfoCell.swift */ = {isa = PBXFileReference; lastKnownFileType = sourcecode.swift; path = NewPlaceInfoCell.swift; sourceTree = "<group>"; };
		0AF2540A299BC59700A34BAA /* PlaceTableViewCell.swift */ = {isa = PBXFileReference; lastKnownFileType = sourcecode.swift; path = PlaceTableViewCell.swift; sourceTree = "<group>"; };
		0AF2540D299C1DCB00A34BAA /* PlaceModel.swift */ = {isa = PBXFileReference; lastKnownFileType = sourcecode.swift; path = PlaceModel.swift; sourceTree = "<group>"; };
		0AF2540F299C28D900A34BAA /* NewPlaceViewController.swift */ = {isa = PBXFileReference; lastKnownFileType = sourcecode.swift; path = NewPlaceViewController.swift; sourceTree = "<group>"; };
		0AFA817A29969727005EDA6D /* FavouritePlaces.app */ = {isa = PBXFileReference; explicitFileType = wrapper.application; includeInIndex = 0; path = FavouritePlaces.app; sourceTree = BUILT_PRODUCTS_DIR; };
		0AFA817D29969727005EDA6D /* AppDelegate.swift */ = {isa = PBXFileReference; lastKnownFileType = sourcecode.swift; path = AppDelegate.swift; sourceTree = "<group>"; };
		0AFA817F29969727005EDA6D /* SceneDelegate.swift */ = {isa = PBXFileReference; lastKnownFileType = sourcecode.swift; path = SceneDelegate.swift; sourceTree = "<group>"; };
		0AFA818129969727005EDA6D /* MainViewController.swift */ = {isa = PBXFileReference; lastKnownFileType = sourcecode.swift; path = MainViewController.swift; sourceTree = "<group>"; };
		0AFA818629969729005EDA6D /* Assets.xcassets */ = {isa = PBXFileReference; lastKnownFileType = folder.assetcatalog; path = Assets.xcassets; sourceTree = "<group>"; };
		0AFA818929969729005EDA6D /* Base */ = {isa = PBXFileReference; lastKnownFileType = file.storyboard; name = Base; path = Base.lproj/LaunchScreen.storyboard; sourceTree = "<group>"; };
		0AFA818B29969729005EDA6D /* Info.plist */ = {isa = PBXFileReference; lastKnownFileType = text.plist.xml; path = Info.plist; sourceTree = "<group>"; };
/* End PBXFileReference section */

/* Begin PBXFrameworksBuildPhase section */
		0AFA817729969727005EDA6D /* Frameworks */ = {
			isa = PBXFrameworksBuildPhase;
			buildActionMask = 2147483647;
			files = (
			);
			runOnlyForDeploymentPostprocessing = 0;
		};
/* End PBXFrameworksBuildPhase section */

/* Begin PBXGroup section */
		0AF25409299BC57500A34BAA /* Cells */ = {
			isa = PBXGroup;
			children = (
				0AF2540A299BC59700A34BAA /* PlaceTableViewCell.swift */,
				0A430C49299D3361008FC68F /* NewPlacePhotoCell.swift */,
				0A430C4B299D38FB008FC68F /* NewPlaceInfoCell.swift */,
			);
			path = Cells;
			sourceTree = "<group>";
		};
		0AF2540C299C1D9C00A34BAA /* Model */ = {
			isa = PBXGroup;
			children = (
				0AF2540D299C1DCB00A34BAA /* PlaceModel.swift */,
			);
			path = Model;
			sourceTree = "<group>";
		};
		0AFA817129969727005EDA6D = {
			isa = PBXGroup;
			children = (
				0AFA817C29969727005EDA6D /* FavouritePlaces */,
				0AFA817B29969727005EDA6D /* Products */,
			);
			sourceTree = "<group>";
		};
		0AFA817B29969727005EDA6D /* Products */ = {
			isa = PBXGroup;
			children = (
				0AFA817A29969727005EDA6D /* FavouritePlaces.app */,
			);
			name = Products;
			sourceTree = "<group>";
		};
		0AFA817C29969727005EDA6D /* FavouritePlaces */ = {
			isa = PBXGroup;
			children = (
				0AF2540C299C1D9C00A34BAA /* Model */,
				0AFA819129969736005EDA6D /* App */,
				0AFA81922996973B005EDA6D /* ViewControllers */,
				0AFA81932996974C005EDA6D /* Storyboards */,
				0AFA819429969758005EDA6D /* Resources */,
			);
			path = FavouritePlaces;
			sourceTree = "<group>";
		};
		0AFA819129969736005EDA6D /* App */ = {
			isa = PBXGroup;
			children = (
				0AFA817D29969727005EDA6D /* AppDelegate.swift */,
				0AFA817F29969727005EDA6D /* SceneDelegate.swift */,
				0AFA818B29969729005EDA6D /* Info.plist */,
			);
			path = App;
			sourceTree = "<group>";
		};
		0AFA81922996973B005EDA6D /* ViewControllers */ = {
			isa = PBXGroup;
			children = (
				0AF25409299BC57500A34BAA /* Cells */,
				0AFA818129969727005EDA6D /* MainViewController.swift */,
				0AF2540F299C28D900A34BAA /* NewPlaceViewController.swift */,
			);
			path = ViewControllers;
			sourceTree = "<group>";
		};
		0AFA81932996974C005EDA6D /* Storyboards */ = {
			isa = PBXGroup;
			children = (
				0AFA818829969729005EDA6D /* LaunchScreen.storyboard */,
			);
			path = Storyboards;
			sourceTree = "<group>";
		};
		0AFA819429969758005EDA6D /* Resources */ = {
			isa = PBXGroup;
			children = (
				0AFA818629969729005EDA6D /* Assets.xcassets */,
			);
			path = Resources;
			sourceTree = "<group>";
		};
/* End PBXGroup section */

/* Begin PBXNativeTarget section */
		0AFA817929969727005EDA6D /* FavouritePlaces */ = {
			isa = PBXNativeTarget;
			buildConfigurationList = 0AFA818E29969729005EDA6D /* Build configuration list for PBXNativeTarget "FavouritePlaces" */;
			buildPhases = (
				0AFA817629969727005EDA6D /* Sources */,
				0AFA817729969727005EDA6D /* Frameworks */,
				0AFA817829969727005EDA6D /* Resources */,
			);
			buildRules = (
			);
			dependencies = (
			);
			name = FavouritePlaces;
			productName = FavouritePlaces;
			productReference = 0AFA817A29969727005EDA6D /* FavouritePlaces.app */;
			productType = "com.apple.product-type.application";
		};
/* End PBXNativeTarget section */

/* Begin PBXProject section */
		0AFA817229969727005EDA6D /* Project object */ = {
			isa = PBXProject;
			attributes = {
				BuildIndependentTargetsInParallel = 1;
				LastSwiftUpdateCheck = 1410;
				LastUpgradeCheck = 1410;
				TargetAttributes = {
					0AFA817929969727005EDA6D = {
						CreatedOnToolsVersion = 14.1;
					};
				};
			};
			buildConfigurationList = 0AFA817529969727005EDA6D /* Build configuration list for PBXProject "FavouritePlaces" */;
			compatibilityVersion = "Xcode 14.0";
			developmentRegion = en;
			hasScannedForEncodings = 0;
			knownRegions = (
				en,
				Base,
			);
			mainGroup = 0AFA817129969727005EDA6D;
			productRefGroup = 0AFA817B29969727005EDA6D /* Products */;
			projectDirPath = "";
			projectRoot = "";
			targets = (
				0AFA817929969727005EDA6D /* FavouritePlaces */,
			);
		};
/* End PBXProject section */

/* Begin PBXResourcesBuildPhase section */
		0AFA817829969727005EDA6D /* Resources */ = {
			isa = PBXResourcesBuildPhase;
			buildActionMask = 2147483647;
			files = (
				0AFA818A29969729005EDA6D /* LaunchScreen.storyboard in Resources */,
				0AFA818729969729005EDA6D /* Assets.xcassets in Resources */,
			);
			runOnlyForDeploymentPostprocessing = 0;
		};
/* End PBXResourcesBuildPhase section */

/* Begin PBXSourcesBuildPhase section */
		0AFA817629969727005EDA6D /* Sources */ = {
			isa = PBXSourcesBuildPhase;
			buildActionMask = 2147483647;
			files = (
				0AFA818229969727005EDA6D /* MainViewController.swift in Sources */,
				0AF25410299C28D900A34BAA /* NewPlaceViewController.swift in Sources */,
				0AFA817E29969727005EDA6D /* AppDelegate.swift in Sources */,
				0AF2540E299C1DCB00A34BAA /* PlaceModel.swift in Sources */,
				0A430C4C299D38FB008FC68F /* NewPlaceInfoCell.swift in Sources */,
				0A430C4A299D3361008FC68F /* NewPlacePhotoCell.swift in Sources */,
				0AFA818029969727005EDA6D /* SceneDelegate.swift in Sources */,
				0AF2540B299BC59700A34BAA /* PlaceTableViewCell.swift in Sources */,
			);
			runOnlyForDeploymentPostprocessing = 0;
		};
/* End PBXSourcesBuildPhase section */

/* Begin PBXVariantGroup section */
		0AFA818829969729005EDA6D /* LaunchScreen.storyboard */ = {
			isa = PBXVariantGroup;
			children = (
				0AFA818929969729005EDA6D /* Base */,
			);
			name = LaunchScreen.storyboard;
			sourceTree = "<group>";
		};
/* End PBXVariantGroup section */

/* Begin XCBuildConfiguration section */
		0AFA818C29969729005EDA6D /* Debug */ = {
			isa = XCBuildConfiguration;
			buildSettings = {
				ALWAYS_SEARCH_USER_PATHS = NO;
				CLANG_ANALYZER_NONNULL = YES;
				CLANG_ANALYZER_NUMBER_OBJECT_CONVERSION = YES_AGGRESSIVE;
				CLANG_CXX_LANGUAGE_STANDARD = "gnu++20";
				CLANG_ENABLE_MODULES = YES;
				CLANG_ENABLE_OBJC_ARC = YES;
				CLANG_ENABLE_OBJC_WEAK = YES;
				CLANG_WARN_BLOCK_CAPTURE_AUTORELEASING = YES;
				CLANG_WARN_BOOL_CONVERSION = YES;
				CLANG_WARN_COMMA = YES;
				CLANG_WARN_CONSTANT_CONVERSION = YES;
				CLANG_WARN_DEPRECATED_OBJC_IMPLEMENTATIONS = YES;
				CLANG_WARN_DIRECT_OBJC_ISA_USAGE = YES_ERROR;
				CLANG_WARN_DOCUMENTATION_COMMENTS = YES;
				CLANG_WARN_EMPTY_BODY = YES;
				CLANG_WARN_ENUM_CONVERSION = YES;
				CLANG_WARN_INFINITE_RECURSION = YES;
				CLANG_WARN_INT_CONVERSION = YES;
				CLANG_WARN_NON_LITERAL_NULL_CONVERSION = YES;
				CLANG_WARN_OBJC_IMPLICIT_RETAIN_SELF = YES;
				CLANG_WARN_OBJC_LITERAL_CONVERSION = YES;
				CLANG_WARN_OBJC_ROOT_CLASS = YES_ERROR;
				CLANG_WARN_QUOTED_INCLUDE_IN_FRAMEWORK_HEADER = YES;
				CLANG_WARN_RANGE_LOOP_ANALYSIS = YES;
				CLANG_WARN_STRICT_PROTOTYPES = YES;
				CLANG_WARN_SUSPICIOUS_MOVE = YES;
				CLANG_WARN_UNGUARDED_AVAILABILITY = YES_AGGRESSIVE;
				CLANG_WARN_UNREACHABLE_CODE = YES;
				CLANG_WARN__DUPLICATE_METHOD_MATCH = YES;
				COPY_PHASE_STRIP = NO;
				DEBUG_INFORMATION_FORMAT = dwarf;
				ENABLE_STRICT_OBJC_MSGSEND = YES;
				ENABLE_TESTABILITY = YES;
				GCC_C_LANGUAGE_STANDARD = gnu11;
				GCC_DYNAMIC_NO_PIC = NO;
				GCC_NO_COMMON_BLOCKS = YES;
				GCC_OPTIMIZATION_LEVEL = 0;
				GCC_PREPROCESSOR_DEFINITIONS = (
					"DEBUG=1",
					"$(inherited)",
				);
				GCC_WARN_64_TO_32_BIT_CONVERSION = YES;
				GCC_WARN_ABOUT_RETURN_TYPE = YES_ERROR;
				GCC_WARN_UNDECLARED_SELECTOR = YES;
				GCC_WARN_UNINITIALIZED_AUTOS = YES_AGGRESSIVE;
				GCC_WARN_UNUSED_FUNCTION = YES;
				GCC_WARN_UNUSED_VARIABLE = YES;
				IPHONEOS_DEPLOYMENT_TARGET = 16.1;
				MTL_ENABLE_DEBUG_INFO = INCLUDE_SOURCE;
				MTL_FAST_MATH = YES;
				ONLY_ACTIVE_ARCH = YES;
				SDKROOT = iphoneos;
				SWIFT_ACTIVE_COMPILATION_CONDITIONS = DEBUG;
				SWIFT_OPTIMIZATION_LEVEL = "-Onone";
			};
			name = Debug;
		};
		0AFA818D29969729005EDA6D /* Release */ = {
			isa = XCBuildConfiguration;
			buildSettings = {
				ALWAYS_SEARCH_USER_PATHS = NO;
				CLANG_ANALYZER_NONNULL = YES;
				CLANG_ANALYZER_NUMBER_OBJECT_CONVERSION = YES_AGGRESSIVE;
				CLANG_CXX_LANGUAGE_STANDARD = "gnu++20";
				CLANG_ENABLE_MODULES = YES;
				CLANG_ENABLE_OBJC_ARC = YES;
				CLANG_ENABLE_OBJC_WEAK = YES;
				CLANG_WARN_BLOCK_CAPTURE_AUTORELEASING = YES;
				CLANG_WARN_BOOL_CONVERSION = YES;
				CLANG_WARN_COMMA = YES;
				CLANG_WARN_CONSTANT_CONVERSION = YES;
				CLANG_WARN_DEPRECATED_OBJC_IMPLEMENTATIONS = YES;
				CLANG_WARN_DIRECT_OBJC_ISA_USAGE = YES_ERROR;
				CLANG_WARN_DOCUMENTATION_COMMENTS = YES;
				CLANG_WARN_EMPTY_BODY = YES;
				CLANG_WARN_ENUM_CONVERSION = YES;
				CLANG_WARN_INFINITE_RECURSION = YES;
				CLANG_WARN_INT_CONVERSION = YES;
				CLANG_WARN_NON_LITERAL_NULL_CONVERSION = YES;
				CLANG_WARN_OBJC_IMPLICIT_RETAIN_SELF = YES;
				CLANG_WARN_OBJC_LITERAL_CONVERSION = YES;
				CLANG_WARN_OBJC_ROOT_CLASS = YES_ERROR;
				CLANG_WARN_QUOTED_INCLUDE_IN_FRAMEWORK_HEADER = YES;
				CLANG_WARN_RANGE_LOOP_ANALYSIS = YES;
				CLANG_WARN_STRICT_PROTOTYPES = YES;
				CLANG_WARN_SUSPICIOUS_MOVE = YES;
				CLANG_WARN_UNGUARDED_AVAILABILITY = YES_AGGRESSIVE;
				CLANG_WARN_UNREACHABLE_CODE = YES;
				CLANG_WARN__DUPLICATE_METHOD_MATCH = YES;
				COPY_PHASE_STRIP = NO;
				DEBUG_INFORMATION_FORMAT = "dwarf-with-dsym";
				ENABLE_NS_ASSERTIONS = NO;
				ENABLE_STRICT_OBJC_MSGSEND = YES;
				GCC_C_LANGUAGE_STANDARD = gnu11;
				GCC_NO_COMMON_BLOCKS = YES;
				GCC_WARN_64_TO_32_BIT_CONVERSION = YES;
				GCC_WARN_ABOUT_RETURN_TYPE = YES_ERROR;
				GCC_WARN_UNDECLARED_SELECTOR = YES;
				GCC_WARN_UNINITIALIZED_AUTOS = YES_AGGRESSIVE;
				GCC_WARN_UNUSED_FUNCTION = YES;
				GCC_WARN_UNUSED_VARIABLE = YES;
				IPHONEOS_DEPLOYMENT_TARGET = 16.1;
				MTL_ENABLE_DEBUG_INFO = NO;
				MTL_FAST_MATH = YES;
				SDKROOT = iphoneos;
				SWIFT_COMPILATION_MODE = wholemodule;
				SWIFT_OPTIMIZATION_LEVEL = "-O";
				VALIDATE_PRODUCT = YES;
			};
			name = Release;
		};
		0AFA818F29969729005EDA6D /* Debug */ = {
			isa = XCBuildConfiguration;
			buildSettings = {
				ASSETCATALOG_COMPILER_APPICON_NAME = AppIcon;
				ASSETCATALOG_COMPILER_GLOBAL_ACCENT_COLOR_NAME = AccentColor;
				CODE_SIGN_STYLE = Automatic;
				CURRENT_PROJECT_VERSION = 1;
				GENERATE_INFOPLIST_FILE = YES;
				INFOPLIST_FILE = FavouritePlaces/App/Info.plist;
				INFOPLIST_KEY_UIApplicationSupportsIndirectInputEvents = YES;
				INFOPLIST_KEY_UILaunchStoryboardName = LaunchScreen;
				INFOPLIST_KEY_UISupportedInterfaceOrientations = UIInterfaceOrientationPortrait;
				INFOPLIST_KEY_UISupportedInterfaceOrientations_iPad = "UIInterfaceOrientationLandscapeLeft UIInterfaceOrientationLandscapeRight UIInterfaceOrientationPortrait UIInterfaceOrientationPortraitUpsideDown";
				IPHONEOS_DEPLOYMENT_TARGET = 16.2;
				LD_RUNPATH_SEARCH_PATHS = (
					"$(inherited)",
					"@executable_path/Frameworks",
				);
				MARKETING_VERSION = 1.0;
				PRODUCT_BUNDLE_IDENTIFIER = kreomanser.FavouritePlaces;
				PRODUCT_NAME = "$(TARGET_NAME)";
				SUPPORTED_PLATFORMS = "iphoneos iphonesimulator";
				SUPPORTS_MACCATALYST = NO;
				SUPPORTS_MAC_DESIGNED_FOR_IPHONE_IPAD = NO;
				SWIFT_EMIT_LOC_STRINGS = YES;
				SWIFT_VERSION = 5.0;
				TARGETED_DEVICE_FAMILY = 1;
			};
			name = Debug;
		};
		0AFA819029969729005EDA6D /* Release */ = {
			isa = XCBuildConfiguration;
			buildSettings = {
				ASSETCATALOG_COMPILER_APPICON_NAME = AppIcon;
				ASSETCATALOG_COMPILER_GLOBAL_ACCENT_COLOR_NAME = AccentColor;
				CODE_SIGN_STYLE = Automatic;
				CURRENT_PROJECT_VERSION = 1;
				GENERATE_INFOPLIST_FILE = YES;
				INFOPLIST_FILE = FavouritePlaces/App/Info.plist;
				INFOPLIST_KEY_UIApplicationSupportsIndirectInputEvents = YES;
				INFOPLIST_KEY_UILaunchStoryboardName = LaunchScreen;
				INFOPLIST_KEY_UISupportedInterfaceOrientations = UIInterfaceOrientationPortrait;
				INFOPLIST_KEY_UISupportedInterfaceOrientations_iPad = "UIInterfaceOrientationLandscapeLeft UIInterfaceOrientationLandscapeRight UIInterfaceOrientationPortrait UIInterfaceOrientationPortraitUpsideDown";
				IPHONEOS_DEPLOYMENT_TARGET = 16.2;
				LD_RUNPATH_SEARCH_PATHS = (
					"$(inherited)",
					"@executable_path/Frameworks",
				);
				MARKETING_VERSION = 1.0;
				PRODUCT_BUNDLE_IDENTIFIER = kreomanser.FavouritePlaces;
				PRODUCT_NAME = "$(TARGET_NAME)";
				SUPPORTED_PLATFORMS = "iphoneos iphonesimulator";
				SUPPORTS_MACCATALYST = NO;
				SUPPORTS_MAC_DESIGNED_FOR_IPHONE_IPAD = NO;
				SWIFT_EMIT_LOC_STRINGS = YES;
				SWIFT_VERSION = 5.0;
				TARGETED_DEVICE_FAMILY = 1;
			};
			name = Release;
		};
/* End XCBuildConfiguration section */

/* Begin XCConfigurationList section */
		0AFA817529969727005EDA6D /* Build configuration list for PBXProject "FavouritePlaces" */ = {
			isa = XCConfigurationList;
			buildConfigurations = (
				0AFA818C29969729005EDA6D /* Debug */,
				0AFA818D29969729005EDA6D /* Release */,
			);
			defaultConfigurationIsVisible = 0;
			defaultConfigurationName = Release;
		};
		0AFA818E29969729005EDA6D /* Build configuration list for PBXNativeTarget "FavouritePlaces" */ = {
			isa = XCConfigurationList;
			buildConfigurations = (
				0AFA818F29969729005EDA6D /* Debug */,
				0AFA819029969729005EDA6D /* Release */,
			);
			defaultConfigurationIsVisible = 0;
			defaultConfigurationName = Release;
		};
/* End XCConfigurationList section */
	};
	rootObject = 0AFA817229969727005EDA6D /* Project object */;
}
